
Microsoft Visual Studio Solution File, Format Version 12.00
# Visual Studio Version 17
VisualStudioVersion = 17.11.35303.130
MinimumVisualStudioVersion = 10.0.40219.1
Project("{FAE04EC0-301F-11D3-BF4B-00C04F79EFBC}") = "Lab5AP", "Lab5AP.csproj", "{0B0A5576-6B7B-45C5-B8F2-197D8AD19AB7}"
EndProject
Global
	GlobalSection(SolutionConfigurationPlatforms) = preSolution
		Debug|Any CPU = Debug|Any CPU
		Release|Any CPU = Release|Any CPU
	EndGlobalSection
	GlobalSection(ProjectConfigurationPlatforms) = postSolution
		{0B0A5576-6B7B-45C5-B8F2-197D8AD19AB7}.Debug|Any CPU.ActiveCfg = Debug|Any CPU
		{0B0A5576-6B7B-45C5-B8F2-197D8AD19AB7}.Debug|Any CPU.Build.0 = Debug|Any CPU
		{0B0A5576-6B7B-45C5-B8F2-197D8AD19AB7}.Release|Any CPU.ActiveCfg = Release|Any CPU
		{0B0A5576-6B7B-45C5-B8F2-197D8AD19AB7}.Release|Any CPU.Build.0 = Release|Any CPU
	EndGlobalSection
	GlobalSection(SolutionProperties) = preSolution
		HideSolutionNode = FALSE
	EndGlobalSection
	GlobalSection(ExtensibilityGlobals) = postSolution
		SolutionGuid = {C0B82625-E78B-428E-BE59-E98947A7254E}
	EndGlobalSection
EndGlobal
